
Microsoft Visual Studio Solution File, Format Version 12.00
# Visual Studio 2012
Project("{FAE04EC0-301F-11D3-BF4B-00C04F79EFBC}") = "ArrayList", "ArrayList\ArrayList.csproj", "{2E479F73-09F5-4F63-8B1B-4B2CB01B2EDC}"
EndProject
Global
	GlobalSection(SolutionConfigurationPlatforms) = preSolution
		Debug|Any CPU = Debug|Any CPU
		Release|Any CPU = Release|Any CPU
	EndGlobalSection
	GlobalSection(ProjectConfigurationPlatforms) = postSolution
		{2E479F73-09F5-4F63-8B1B-4B2CB01B2EDC}.Debug|Any CPU.ActiveCfg = Debug|Any CPU
		{2E479F73-09F5-4F63-8B1B-4B2CB01B2EDC}.Debug|Any CPU.Build.0 = Debug|Any CPU
		{2E479F73-09F5-4F63-8B1B-4B2CB01B2EDC}.Release|Any CPU.ActiveCfg = Release|Any CPU
		{2E479F73-09F5-4F63-8B1B-4B2CB01B2EDC}.Release|Any CPU.Build.0 = Release|Any CPU
	EndGlobalSection
EndGlobal
